
Microsoft Visual Studio Solution File, Format Version 12.00
# Visual Studio 15
VisualStudioVersion = 15.0.28010.2016
MinimumVisualStudioVersion = 10.0.40219.1
Project("{FAE04EC0-301F-11D3-BF4B-00C04F79EFBC}") = "maw1.1", "maw1.1\maw1.1.csproj", "{E793DAB6-74B3-4225-AB3D-F2213F4291FF}"
EndProject
Global
	GlobalSection(SolutionConfigurationPlatforms) = preSolution
		Debug|Any CPU = Debug|Any CPU
		Release|Any CPU = Release|Any CPU
	EndGlobalSection
	GlobalSection(ProjectConfigurationPlatforms) = postSolution
		{E793DAB6-74B3-4225-AB3D-F2213F4291FF}.Debug|Any CPU.ActiveCfg = Debug|Any CPU
		{E793DAB6-74B3-4225-AB3D-F2213F4291FF}.Debug|Any CPU.Build.0 = Debug|Any CPU
		{E793DAB6-74B3-4225-AB3D-F2213F4291FF}.Release|Any CPU.ActiveCfg = Release|Any CPU
		{E793DAB6-74B3-4225-AB3D-F2213F4291FF}.Release|Any CPU.Build.0 = Release|Any CPU
	EndGlobalSection
	GlobalSection(SolutionProperties) = preSolution
		HideSolutionNode = FALSE
	EndGlobalSection
	GlobalSection(ExtensibilityGlobals) = postSolution
		SolutionGuid = {F18F4A9F-E77D-41DB-AD8B-0C93635B83D4}
	EndGlobalSection
EndGlobal
